
Microsoft Visual Studio Solution File, Format Version 12.00
# Visual Studio Version 17
VisualStudioVersion = 17.3.32922.545
MinimumVisualStudioVersion = 10.0.40219.1
Project("{8BC9CEB8-8B4A-11D0-8D11-00A0C91BC942}") = "Spanish_Verbs", "Spanish_Verbs\Spanish_Verbs.vcxproj", "{9EE69AF5-ED4C-4C97-8843-9C93412D2207}"
EndProject
Global
	GlobalSection(SolutionConfigurationPlatforms) = preSolution
		Debug|x64 = Debug|x64
		Debug|x86 = Debug|x86
		Release|x64 = Release|x64
		Release|x86 = Release|x86
	EndGlobalSection
	GlobalSection(ProjectConfigurationPlatforms) = postSolution
		{9EE69AF5-ED4C-4C97-8843-9C93412D2207}.Debug|x64.ActiveCfg = Debug|x64
		{9EE69AF5-ED4C-4C97-8843-9C93412D2207}.Debug|x64.Build.0 = Debug|x64
		{9EE69AF5-ED4C-4C97-8843-9C93412D2207}.Debug|x86.ActiveCfg = Debug|Win32
		{9EE69AF5-ED4C-4C97-8843-9C93412D2207}.Debug|x86.Build.0 = Debug|Win32
		{9EE69AF5-ED4C-4C97-8843-9C93412D2207}.Release|x64.ActiveCfg = Release|x64
		{9EE69AF5-ED4C-4C97-8843-9C93412D2207}.Release|x64.Build.0 = Release|x64
		{9EE69AF5-ED4C-4C97-8843-9C93412D2207}.Release|x86.ActiveCfg = Release|Win32
		{9EE69AF5-ED4C-4C97-8843-9C93412D2207}.Release|x86.Build.0 = Release|Win32
	EndGlobalSection
	GlobalSection(SolutionProperties) = preSolution
		HideSolutionNode = FALSE
	EndGlobalSection
	GlobalSection(ExtensibilityGlobals) = postSolution
		SolutionGuid = {63C173E4-DCFB-43C7-85C3-ABE8259C86A1}
	EndGlobalSection
EndGlobal
