
Microsoft Visual Studio Solution File, Format Version 12.00
# Visual Studio Version 17
Project("{8BC9CEB8-8B4A-11D0-8D11-00A0C91BC942}") = "ALL_BUILD", "ALL_BUILD.vcxproj", "{12D42F72-A1A6-39EA-BB11-594DF461A54E}"
	ProjectSection(ProjectDependencies) = postProject
		{EBAA0A07-8B84-3F1A-91FC-14123CDF8A66} = {EBAA0A07-8B84-3F1A-91FC-14123CDF8A66}
		{3C4C8880-344A-39EB-A29F-D86010F49548} = {3C4C8880-344A-39EB-A29F-D86010F49548}
	EndProjectSection
EndProject
Project("{8BC9CEB8-8B4A-11D0-8D11-00A0C91BC942}") = "Spanish_EXE", "Spanish_EXE.vcxproj", "{EBAA0A07-8B84-3F1A-91FC-14123CDF8A66}"
	ProjectSection(ProjectDependencies) = postProject
		{3C4C8880-344A-39EB-A29F-D86010F49548} = {3C4C8880-344A-39EB-A29F-D86010F49548}
	EndProjectSection
EndProject
Project("{8BC9CEB8-8B4A-11D0-8D11-00A0C91BC942}") = "ZERO_CHECK", "ZERO_CHECK.vcxproj", "{3C4C8880-344A-39EB-A29F-D86010F49548}"
	ProjectSection(ProjectDependencies) = postProject
	EndProjectSection
EndProject
Global
	GlobalSection(SolutionConfigurationPlatforms) = preSolution
		Debug|x64 = Debug|x64
		Release|x64 = Release|x64
		MinSizeRel|x64 = MinSizeRel|x64
		RelWithDebInfo|x64 = RelWithDebInfo|x64
	EndGlobalSection
	GlobalSection(ProjectConfigurationPlatforms) = postSolution
		{12D42F72-A1A6-39EA-BB11-594DF461A54E}.Debug|x64.ActiveCfg = Debug|x64
		{12D42F72-A1A6-39EA-BB11-594DF461A54E}.Release|x64.ActiveCfg = Release|x64
		{12D42F72-A1A6-39EA-BB11-594DF461A54E}.MinSizeRel|x64.ActiveCfg = MinSizeRel|x64
		{12D42F72-A1A6-39EA-BB11-594DF461A54E}.RelWithDebInfo|x64.ActiveCfg = RelWithDebInfo|x64
		{EBAA0A07-8B84-3F1A-91FC-14123CDF8A66}.Debug|x64.ActiveCfg = Debug|x64
		{EBAA0A07-8B84-3F1A-91FC-14123CDF8A66}.Debug|x64.Build.0 = Debug|x64
		{EBAA0A07-8B84-3F1A-91FC-14123CDF8A66}.Release|x64.ActiveCfg = Release|x64
		{EBAA0A07-8B84-3F1A-91FC-14123CDF8A66}.Release|x64.Build.0 = Release|x64
		{EBAA0A07-8B84-3F1A-91FC-14123CDF8A66}.MinSizeRel|x64.ActiveCfg = MinSizeRel|x64
		{EBAA0A07-8B84-3F1A-91FC-14123CDF8A66}.MinSizeRel|x64.Build.0 = MinSizeRel|x64
		{EBAA0A07-8B84-3F1A-91FC-14123CDF8A66}.RelWithDebInfo|x64.ActiveCfg = RelWithDebInfo|x64
		{EBAA0A07-8B84-3F1A-91FC-14123CDF8A66}.RelWithDebInfo|x64.Build.0 = RelWithDebInfo|x64
		{3C4C8880-344A-39EB-A29F-D86010F49548}.Debug|x64.ActiveCfg = Debug|x64
		{3C4C8880-344A-39EB-A29F-D86010F49548}.Debug|x64.Build.0 = Debug|x64
		{3C4C8880-344A-39EB-A29F-D86010F49548}.Release|x64.ActiveCfg = Release|x64
		{3C4C8880-344A-39EB-A29F-D86010F49548}.Release|x64.Build.0 = Release|x64
		{3C4C8880-344A-39EB-A29F-D86010F49548}.MinSizeRel|x64.ActiveCfg = MinSizeRel|x64
		{3C4C8880-344A-39EB-A29F-D86010F49548}.MinSizeRel|x64.Build.0 = MinSizeRel|x64
		{3C4C8880-344A-39EB-A29F-D86010F49548}.RelWithDebInfo|x64.ActiveCfg = RelWithDebInfo|x64
		{3C4C8880-344A-39EB-A29F-D86010F49548}.RelWithDebInfo|x64.Build.0 = RelWithDebInfo|x64
	EndGlobalSection
	GlobalSection(ExtensibilityGlobals) = postSolution
		SolutionGuid = {A49AD4E1-EC4F-3771-B63C-07B547990272}
	EndGlobalSection
	GlobalSection(ExtensibilityAddIns) = postSolution
	EndGlobalSection
EndGlobal
