
Microsoft Visual Studio Solution File, Format Version 12.00
# Visual Studio Version 17
Project("{8BC9CEB8-8B4A-11D0-8D11-00A0C91BC942}") = "ALL_BUILD", "ALL_BUILD.vcxproj", "{D2A95A3C-1A05-38CA-85D9-CA126BDABC4C}"
	ProjectSection(ProjectDependencies) = postProject
		{AF28ABD3-3700-3BC0-AAD4-003853EC1A21} = {AF28ABD3-3700-3BC0-AAD4-003853EC1A21}
		{87837CA0-9EB0-3A3F-B6EA-5E881703179C} = {87837CA0-9EB0-3A3F-B6EA-5E881703179C}
		{A1744D99-9C75-34CC-BA98-1D2D49DB8432} = {A1744D99-9C75-34CC-BA98-1D2D49DB8432}
		{6365AF27-56A3-39E6-BBFE-B95FC8C8EA90} = {6365AF27-56A3-39E6-BBFE-B95FC8C8EA90}
		{001C76EA-D95F-328B-B137-97625F9BC65D} = {001C76EA-D95F-328B-B137-97625F9BC65D}
		{E974FDAC-E712-3D93-AADE-6F98D9DC586A} = {E974FDAC-E712-3D93-AADE-6F98D9DC586A}
		{04F5C34D-B610-319D-BCA2-394EDB9DB667} = {04F5C34D-B610-319D-BCA2-394EDB9DB667}
	EndProjectSection
EndProject
Project("{8BC9CEB8-8B4A-11D0-8D11-00A0C91BC942}") = "INSTALL", "INSTALL.vcxproj", "{0D31777E-B937-361B-A7AA-A9B8FFADCCC3}"
	ProjectSection(ProjectDependencies) = postProject
		{D2A95A3C-1A05-38CA-85D9-CA126BDABC4C} = {D2A95A3C-1A05-38CA-85D9-CA126BDABC4C}
		{A1744D99-9C75-34CC-BA98-1D2D49DB8432} = {A1744D99-9C75-34CC-BA98-1D2D49DB8432}
	EndProjectSection
EndProject
Project("{8BC9CEB8-8B4A-11D0-8D11-00A0C91BC942}") = "Present", "src\Present.vcxproj", "{AF28ABD3-3700-3BC0-AAD4-003853EC1A21}"
	ProjectSection(ProjectDependencies) = postProject
		{A1744D99-9C75-34CC-BA98-1D2D49DB8432} = {A1744D99-9C75-34CC-BA98-1D2D49DB8432}
	EndProjectSection
EndProject
Project("{8BC9CEB8-8B4A-11D0-8D11-00A0C91BC942}") = "RUN_TESTS", "RUN_TESTS.vcxproj", "{56308B85-D994-3986-A1F9-3902B6CFBD63}"
	ProjectSection(ProjectDependencies) = postProject
		{A1744D99-9C75-34CC-BA98-1D2D49DB8432} = {A1744D99-9C75-34CC-BA98-1D2D49DB8432}
	EndProjectSection
EndProject
Project("{8BC9CEB8-8B4A-11D0-8D11-00A0C91BC942}") = "Spanish_EXE", "Spanish_EXE.vcxproj", "{87837CA0-9EB0-3A3F-B6EA-5E881703179C}"
	ProjectSection(ProjectDependencies) = postProject
		{A1744D99-9C75-34CC-BA98-1D2D49DB8432} = {A1744D99-9C75-34CC-BA98-1D2D49DB8432}
	EndProjectSection
EndProject
Project("{8BC9CEB8-8B4A-11D0-8D11-00A0C91BC942}") = "ZERO_CHECK", "ZERO_CHECK.vcxproj", "{A1744D99-9C75-34CC-BA98-1D2D49DB8432}"
	ProjectSection(ProjectDependencies) = postProject
	EndProjectSection
EndProject
Project("{8BC9CEB8-8B4A-11D0-8D11-00A0C91BC942}") = "gmock", "lib\googletest\googlemock\gmock.vcxproj", "{6365AF27-56A3-39E6-BBFE-B95FC8C8EA90}"
	ProjectSection(ProjectDependencies) = postProject
		{A1744D99-9C75-34CC-BA98-1D2D49DB8432} = {A1744D99-9C75-34CC-BA98-1D2D49DB8432}
	EndProjectSection
EndProject
Project("{8BC9CEB8-8B4A-11D0-8D11-00A0C91BC942}") = "gmock_main", "lib\googletest\googlemock\gmock_main.vcxproj", "{001C76EA-D95F-328B-B137-97625F9BC65D}"
	ProjectSection(ProjectDependencies) = postProject
		{A1744D99-9C75-34CC-BA98-1D2D49DB8432} = {A1744D99-9C75-34CC-BA98-1D2D49DB8432}
	EndProjectSection
EndProject
Project("{8BC9CEB8-8B4A-11D0-8D11-00A0C91BC942}") = "gtest", "lib\googletest\googletest\gtest.vcxproj", "{E974FDAC-E712-3D93-AADE-6F98D9DC586A}"
	ProjectSection(ProjectDependencies) = postProject
		{A1744D99-9C75-34CC-BA98-1D2D49DB8432} = {A1744D99-9C75-34CC-BA98-1D2D49DB8432}
	EndProjectSection
EndProject
Project("{8BC9CEB8-8B4A-11D0-8D11-00A0C91BC942}") = "gtest_main", "lib\googletest\googletest\gtest_main.vcxproj", "{04F5C34D-B610-319D-BCA2-394EDB9DB667}"
	ProjectSection(ProjectDependencies) = postProject
		{A1744D99-9C75-34CC-BA98-1D2D49DB8432} = {A1744D99-9C75-34CC-BA98-1D2D49DB8432}
		{E974FDAC-E712-3D93-AADE-6F98D9DC586A} = {E974FDAC-E712-3D93-AADE-6F98D9DC586A}
	EndProjectSection
EndProject
Global
	GlobalSection(SolutionConfigurationPlatforms) = preSolution
		Debug|x64 = Debug|x64
		Release|x64 = Release|x64
		MinSizeRel|x64 = MinSizeRel|x64
		RelWithDebInfo|x64 = RelWithDebInfo|x64
	EndGlobalSection
	GlobalSection(ProjectConfigurationPlatforms) = postSolution
		{D2A95A3C-1A05-38CA-85D9-CA126BDABC4C}.Debug|x64.ActiveCfg = Debug|x64
		{D2A95A3C-1A05-38CA-85D9-CA126BDABC4C}.Debug|x64.Build.0 = Debug|x64
		{D2A95A3C-1A05-38CA-85D9-CA126BDABC4C}.Release|x64.ActiveCfg = Release|x64
		{D2A95A3C-1A05-38CA-85D9-CA126BDABC4C}.Release|x64.Build.0 = Release|x64
		{D2A95A3C-1A05-38CA-85D9-CA126BDABC4C}.MinSizeRel|x64.ActiveCfg = MinSizeRel|x64
		{D2A95A3C-1A05-38CA-85D9-CA126BDABC4C}.MinSizeRel|x64.Build.0 = MinSizeRel|x64
		{D2A95A3C-1A05-38CA-85D9-CA126BDABC4C}.RelWithDebInfo|x64.ActiveCfg = RelWithDebInfo|x64
		{D2A95A3C-1A05-38CA-85D9-CA126BDABC4C}.RelWithDebInfo|x64.Build.0 = RelWithDebInfo|x64
		{0D31777E-B937-361B-A7AA-A9B8FFADCCC3}.Debug|x64.ActiveCfg = Debug|x64
		{0D31777E-B937-361B-A7AA-A9B8FFADCCC3}.Release|x64.ActiveCfg = Release|x64
		{0D31777E-B937-361B-A7AA-A9B8FFADCCC3}.MinSizeRel|x64.ActiveCfg = MinSizeRel|x64
		{0D31777E-B937-361B-A7AA-A9B8FFADCCC3}.RelWithDebInfo|x64.ActiveCfg = RelWithDebInfo|x64
		{AF28ABD3-3700-3BC0-AAD4-003853EC1A21}.Debug|x64.ActiveCfg = Debug|x64
		{AF28ABD3-3700-3BC0-AAD4-003853EC1A21}.Debug|x64.Build.0 = Debug|x64
		{AF28ABD3-3700-3BC0-AAD4-003853EC1A21}.Release|x64.ActiveCfg = Release|x64
		{AF28ABD3-3700-3BC0-AAD4-003853EC1A21}.Release|x64.Build.0 = Release|x64
		{AF28ABD3-3700-3BC0-AAD4-003853EC1A21}.MinSizeRel|x64.ActiveCfg = MinSizeRel|x64
		{AF28ABD3-3700-3BC0-AAD4-003853EC1A21}.MinSizeRel|x64.Build.0 = MinSizeRel|x64
		{AF28ABD3-3700-3BC0-AAD4-003853EC1A21}.RelWithDebInfo|x64.ActiveCfg = RelWithDebInfo|x64
		{AF28ABD3-3700-3BC0-AAD4-003853EC1A21}.RelWithDebInfo|x64.Build.0 = RelWithDebInfo|x64
		{56308B85-D994-3986-A1F9-3902B6CFBD63}.Debug|x64.ActiveCfg = Debug|x64
		{56308B85-D994-3986-A1F9-3902B6CFBD63}.Release|x64.ActiveCfg = Release|x64
		{56308B85-D994-3986-A1F9-3902B6CFBD63}.MinSizeRel|x64.ActiveCfg = MinSizeRel|x64
		{56308B85-D994-3986-A1F9-3902B6CFBD63}.RelWithDebInfo|x64.ActiveCfg = RelWithDebInfo|x64
		{87837CA0-9EB0-3A3F-B6EA-5E881703179C}.Debug|x64.ActiveCfg = Debug|x64
		{87837CA0-9EB0-3A3F-B6EA-5E881703179C}.Debug|x64.Build.0 = Debug|x64
		{87837CA0-9EB0-3A3F-B6EA-5E881703179C}.Release|x64.ActiveCfg = Release|x64
		{87837CA0-9EB0-3A3F-B6EA-5E881703179C}.Release|x64.Build.0 = Release|x64
		{87837CA0-9EB0-3A3F-B6EA-5E881703179C}.MinSizeRel|x64.ActiveCfg = MinSizeRel|x64
		{87837CA0-9EB0-3A3F-B6EA-5E881703179C}.MinSizeRel|x64.Build.0 = MinSizeRel|x64
		{87837CA0-9EB0-3A3F-B6EA-5E881703179C}.RelWithDebInfo|x64.ActiveCfg = RelWithDebInfo|x64
		{87837CA0-9EB0-3A3F-B6EA-5E881703179C}.RelWithDebInfo|x64.Build.0 = RelWithDebInfo|x64
		{A1744D99-9C75-34CC-BA98-1D2D49DB8432}.Debug|x64.ActiveCfg = Debug|x64
		{A1744D99-9C75-34CC-BA98-1D2D49DB8432}.Debug|x64.Build.0 = Debug|x64
		{A1744D99-9C75-34CC-BA98-1D2D49DB8432}.Release|x64.ActiveCfg = Release|x64
		{A1744D99-9C75-34CC-BA98-1D2D49DB8432}.Release|x64.Build.0 = Release|x64
		{A1744D99-9C75-34CC-BA98-1D2D49DB8432}.MinSizeRel|x64.ActiveCfg = MinSizeRel|x64
		{A1744D99-9C75-34CC-BA98-1D2D49DB8432}.MinSizeRel|x64.Build.0 = MinSizeRel|x64
		{A1744D99-9C75-34CC-BA98-1D2D49DB8432}.RelWithDebInfo|x64.ActiveCfg = RelWithDebInfo|x64
		{A1744D99-9C75-34CC-BA98-1D2D49DB8432}.RelWithDebInfo|x64.Build.0 = RelWithDebInfo|x64
		{6365AF27-56A3-39E6-BBFE-B95FC8C8EA90}.Debug|x64.ActiveCfg = Debug|x64
		{6365AF27-56A3-39E6-BBFE-B95FC8C8EA90}.Debug|x64.Build.0 = Debug|x64
		{6365AF27-56A3-39E6-BBFE-B95FC8C8EA90}.Release|x64.ActiveCfg = Release|x64
		{6365AF27-56A3-39E6-BBFE-B95FC8C8EA90}.Release|x64.Build.0 = Release|x64
		{6365AF27-56A3-39E6-BBFE-B95FC8C8EA90}.MinSizeRel|x64.ActiveCfg = MinSizeRel|x64
		{6365AF27-56A3-39E6-BBFE-B95FC8C8EA90}.MinSizeRel|x64.Build.0 = MinSizeRel|x64
		{6365AF27-56A3-39E6-BBFE-B95FC8C8EA90}.RelWithDebInfo|x64.ActiveCfg = RelWithDebInfo|x64
		{6365AF27-56A3-39E6-BBFE-B95FC8C8EA90}.RelWithDebInfo|x64.Build.0 = RelWithDebInfo|x64
		{001C76EA-D95F-328B-B137-97625F9BC65D}.Debug|x64.ActiveCfg = Debug|x64
		{001C76EA-D95F-328B-B137-97625F9BC65D}.Debug|x64.Build.0 = Debug|x64
		{001C76EA-D95F-328B-B137-97625F9BC65D}.Release|x64.ActiveCfg = Release|x64
		{001C76EA-D95F-328B-B137-97625F9BC65D}.Release|x64.Build.0 = Release|x64
		{001C76EA-D95F-328B-B137-97625F9BC65D}.MinSizeRel|x64.ActiveCfg = MinSizeRel|x64
		{001C76EA-D95F-328B-B137-97625F9BC65D}.MinSizeRel|x64.Build.0 = MinSizeRel|x64
		{001C76EA-D95F-328B-B137-97625F9BC65D}.RelWithDebInfo|x64.ActiveCfg = RelWithDebInfo|x64
		{001C76EA-D95F-328B-B137-97625F9BC65D}.RelWithDebInfo|x64.Build.0 = RelWithDebInfo|x64
		{E974FDAC-E712-3D93-AADE-6F98D9DC586A}.Debug|x64.ActiveCfg = Debug|x64
		{E974FDAC-E712-3D93-AADE-6F98D9DC586A}.Debug|x64.Build.0 = Debug|x64
		{E974FDAC-E712-3D93-AADE-6F98D9DC586A}.Release|x64.ActiveCfg = Release|x64
		{E974FDAC-E712-3D93-AADE-6F98D9DC586A}.Release|x64.Build.0 = Release|x64
		{E974FDAC-E712-3D93-AADE-6F98D9DC586A}.MinSizeRel|x64.ActiveCfg = MinSizeRel|x64
		{E974FDAC-E712-3D93-AADE-6F98D9DC586A}.MinSizeRel|x64.Build.0 = MinSizeRel|x64
		{E974FDAC-E712-3D93-AADE-6F98D9DC586A}.RelWithDebInfo|x64.ActiveCfg = RelWithDebInfo|x64
		{E974FDAC-E712-3D93-AADE-6F98D9DC586A}.RelWithDebInfo|x64.Build.0 = RelWithDebInfo|x64
		{04F5C34D-B610-319D-BCA2-394EDB9DB667}.Debug|x64.ActiveCfg = Debug|x64
		{04F5C34D-B610-319D-BCA2-394EDB9DB667}.Debug|x64.Build.0 = Debug|x64
		{04F5C34D-B610-319D-BCA2-394EDB9DB667}.Release|x64.ActiveCfg = Release|x64
		{04F5C34D-B610-319D-BCA2-394EDB9DB667}.Release|x64.Build.0 = Release|x64
		{04F5C34D-B610-319D-BCA2-394EDB9DB667}.MinSizeRel|x64.ActiveCfg = MinSizeRel|x64
		{04F5C34D-B610-319D-BCA2-394EDB9DB667}.MinSizeRel|x64.Build.0 = MinSizeRel|x64
		{04F5C34D-B610-319D-BCA2-394EDB9DB667}.RelWithDebInfo|x64.ActiveCfg = RelWithDebInfo|x64
		{04F5C34D-B610-319D-BCA2-394EDB9DB667}.RelWithDebInfo|x64.Build.0 = RelWithDebInfo|x64
	EndGlobalSection
	GlobalSection(ExtensibilityGlobals) = postSolution
		SolutionGuid = {BD90CA73-E5DD-393F-A97E-C250019CAAE5}
	EndGlobalSection
	GlobalSection(ExtensibilityAddIns) = postSolution
	EndGlobalSection
EndGlobal
